
Microsoft Visual Studio Solution File, Format Version 12.00
# Visual Studio Version 16
VisualStudioVersion = 16.0.29215.179
MinimumVisualStudioVersion = 10.0.40219.1
Project("{FAE04EC0-301F-11D3-BF4B-00C04F79EFBC}") = "simulation", "simulation.csproj", "{50E45A00-EBFE-4173-AB1E-BE450D517650}"
EndProject
Global
	GlobalSection(SolutionConfigurationPlatforms) = preSolution
		Debug|Any CPU = Debug|Any CPU
		Release|Any CPU = Release|Any CPU
	EndGlobalSection
	GlobalSection(ProjectConfigurationPlatforms) = postSolution
		{50E45A00-EBFE-4173-AB1E-BE450D517650}.Debug|Any CPU.ActiveCfg = Debug|Any CPU
		{50E45A00-EBFE-4173-AB1E-BE450D517650}.Debug|Any CPU.Build.0 = Debug|Any CPU
		{50E45A00-EBFE-4173-AB1E-BE450D517650}.Release|Any CPU.ActiveCfg = Release|Any CPU
		{50E45A00-EBFE-4173-AB1E-BE450D517650}.Release|Any CPU.Build.0 = Release|Any CPU
	EndGlobalSection
	GlobalSection(SolutionProperties) = preSolution
		HideSolutionNode = FALSE
	EndGlobalSection
	GlobalSection(ExtensibilityGlobals) = postSolution
		SolutionGuid = {1266AEA6-1BAB-4D4C-9ECC-2100EAD7FB28}
	EndGlobalSection
EndGlobal
